
Microsoft Visual Studio Solution File, Format Version 12.00
# Visual Studio Version 17
VisualStudioVersion = 17.9.34723.18
MinimumVisualStudioVersion = 10.0.40219.1
Project("{2150E333-8FDC-42A3-9474-1A3956D46DE8}") = "Aula07", "Aula07", "{899563F8-70EA-4500-AB57-D0CB32B02465}"
EndProject
Project("{FAE04EC0-301F-11D3-BF4B-00C04F79EFBC}") = "Funcoes", "Funcoes\Funcoes.csproj", "{F4C703E4-9F69-4EA3-8FAD-926C6273A423}"
EndProject
Project("{2150E333-8FDC-42A3-9474-1A3956D46DE8}") = "Aula06", "Aula06", "{BE8070FB-0F90-481D-9A47-40D5CDD020E9}"
EndProject
Project("{9A19103F-16F7-4668-BE54-9A1E7A4F7556}") = "ConsoleArray", "..\ConsoleArray\ConsoleArray.csproj", "{6DF01A3D-17C4-43F1-8B3A-8EB8F4F24F1B}"
EndProject
Project("{2150E333-8FDC-42A3-9474-1A3956D46DE8}") = "docs", "docs", "{D9F0A66B-49A7-4757-896F-3CDE0297EBFB}"
	ProjectSection(SolutionItems) = preProject
		..\..\docs\aula1.md = ..\..\docs\aula1.md
		..\..\docs\aula2.md = ..\..\docs\aula2.md
		..\..\docs\aula3.md = ..\..\docs\aula3.md
		..\..\docs\aula4.md = ..\..\docs\aula4.md
		..\..\docs\aula5.md = ..\..\docs\aula5.md
		..\..\docs\aula6.md = ..\..\docs\aula6.md
		..\..\docs\aula7.md = ..\..\docs\aula7.md
	EndProjectSection
EndProject
Global
	GlobalSection(SolutionConfigurationPlatforms) = preSolution
		Debug|Any CPU = Debug|Any CPU
		Release|Any CPU = Release|Any CPU
	EndGlobalSection
	GlobalSection(ProjectConfigurationPlatforms) = postSolution
		{F4C703E4-9F69-4EA3-8FAD-926C6273A423}.Debug|Any CPU.ActiveCfg = Debug|Any CPU
		{F4C703E4-9F69-4EA3-8FAD-926C6273A423}.Debug|Any CPU.Build.0 = Debug|Any CPU
		{F4C703E4-9F69-4EA3-8FAD-926C6273A423}.Release|Any CPU.ActiveCfg = Release|Any CPU
		{F4C703E4-9F69-4EA3-8FAD-926C6273A423}.Release|Any CPU.Build.0 = Release|Any CPU
		{6DF01A3D-17C4-43F1-8B3A-8EB8F4F24F1B}.Debug|Any CPU.ActiveCfg = Debug|Any CPU
		{6DF01A3D-17C4-43F1-8B3A-8EB8F4F24F1B}.Debug|Any CPU.Build.0 = Debug|Any CPU
		{6DF01A3D-17C4-43F1-8B3A-8EB8F4F24F1B}.Release|Any CPU.ActiveCfg = Release|Any CPU
		{6DF01A3D-17C4-43F1-8B3A-8EB8F4F24F1B}.Release|Any CPU.Build.0 = Release|Any CPU
	EndGlobalSection
	GlobalSection(SolutionProperties) = preSolution
		HideSolutionNode = FALSE
	EndGlobalSection
	GlobalSection(NestedProjects) = preSolution
		{F4C703E4-9F69-4EA3-8FAD-926C6273A423} = {899563F8-70EA-4500-AB57-D0CB32B02465}
		{6DF01A3D-17C4-43F1-8B3A-8EB8F4F24F1B} = {BE8070FB-0F90-481D-9A47-40D5CDD020E9}
	EndGlobalSection
	GlobalSection(ExtensibilityGlobals) = postSolution
		SolutionGuid = {A4F016E6-3EA5-4942-BB55-7B98070B9ADE}
	EndGlobalSection
EndGlobal
